
Microsoft Visual Studio Solution File, Format Version 12.00
# Visual Studio Version 16
VisualStudioVersion = 16.0.31112.23
MinimumVisualStudioVersion = 10.0.40219.1
Project("{FAE04EC0-301F-11D3-BF4B-00C04F79EFBC}") = "DataAccess", "DataAccess\DataAccess.csproj", "{617E15A9-072A-4FF2-85BD-93918B256E32}"
EndProject
Project("{FAE04EC0-301F-11D3-BF4B-00C04F79EFBC}") = "Business", "Business\Business.csproj", "{9BE9A4CD-F2D3-4E5A-909A-946D209FAC85}"
EndProject
Project("{FAE04EC0-301F-11D3-BF4B-00C04F79EFBC}") = "Entities", "Entities\Entities.csproj", "{B07B4683-9C43-4B7F-9074-B72FFAC0FD13}"
EndProject
Project("{FAE04EC0-301F-11D3-BF4B-00C04F79EFBC}") = "ConsoleUI", "ConsoleUI\ConsoleUI.csproj", "{FF20EBF2-4ABD-47F8-A66B-75D1444EB813}"
EndProject
Global
	GlobalSection(SolutionConfigurationPlatforms) = preSolution
		Debug|Any CPU = Debug|Any CPU
		Release|Any CPU = Release|Any CPU
	EndGlobalSection
	GlobalSection(ProjectConfigurationPlatforms) = postSolution
		{617E15A9-072A-4FF2-85BD-93918B256E32}.Debug|Any CPU.ActiveCfg = Debug|Any CPU
		{617E15A9-072A-4FF2-85BD-93918B256E32}.Debug|Any CPU.Build.0 = Debug|Any CPU
		{617E15A9-072A-4FF2-85BD-93918B256E32}.Release|Any CPU.ActiveCfg = Release|Any CPU
		{617E15A9-072A-4FF2-85BD-93918B256E32}.Release|Any CPU.Build.0 = Release|Any CPU
		{9BE9A4CD-F2D3-4E5A-909A-946D209FAC85}.Debug|Any CPU.ActiveCfg = Debug|Any CPU
		{9BE9A4CD-F2D3-4E5A-909A-946D209FAC85}.Debug|Any CPU.Build.0 = Debug|Any CPU
		{9BE9A4CD-F2D3-4E5A-909A-946D209FAC85}.Release|Any CPU.ActiveCfg = Release|Any CPU
		{9BE9A4CD-F2D3-4E5A-909A-946D209FAC85}.Release|Any CPU.Build.0 = Release|Any CPU
		{B07B4683-9C43-4B7F-9074-B72FFAC0FD13}.Debug|Any CPU.ActiveCfg = Debug|Any CPU
		{B07B4683-9C43-4B7F-9074-B72FFAC0FD13}.Debug|Any CPU.Build.0 = Debug|Any CPU
		{B07B4683-9C43-4B7F-9074-B72FFAC0FD13}.Release|Any CPU.ActiveCfg = Release|Any CPU
		{B07B4683-9C43-4B7F-9074-B72FFAC0FD13}.Release|Any CPU.Build.0 = Release|Any CPU
		{FF20EBF2-4ABD-47F8-A66B-75D1444EB813}.Debug|Any CPU.ActiveCfg = Debug|Any CPU
		{FF20EBF2-4ABD-47F8-A66B-75D1444EB813}.Debug|Any CPU.Build.0 = Debug|Any CPU
		{FF20EBF2-4ABD-47F8-A66B-75D1444EB813}.Release|Any CPU.ActiveCfg = Release|Any CPU
		{FF20EBF2-4ABD-47F8-A66B-75D1444EB813}.Release|Any CPU.Build.0 = Release|Any CPU
	EndGlobalSection
	GlobalSection(SolutionProperties) = preSolution
		HideSolutionNode = FALSE
	EndGlobalSection
	GlobalSection(ExtensibilityGlobals) = postSolution
		SolutionGuid = {7B7F50BC-6B15-49E1-A7DB-E10B5C36E898}
	EndGlobalSection
EndGlobal
